<?xml version="1.0" encoding="utf-8"?>
<Project ToolsVersion="4.0" xmlns="http://schemas.microsoft.com/developer/msbuild/2003">
  <ItemGroup>
    <Filter Include="资源文件">
      <UniqueIdentifier>{67DA6AB6-F800-4c08-8B7A-83BB121AAD01}</UniqueIdentifier>
      <Extensions>rc;ico;cur;bmp;dlg;rc2;rct;bin;rgs;gif;jpg;jpeg;jpe;resx;tiff;tif;png;wav;mfcribbon-ms</Extensions>
    </Filter>
    <Filter Include="文件">
      <UniqueIdentifier>{4FC737F1-C7A5-4376-A066-2A32D752A2FF}</UniqueIdentifier>
      <Extensions>cpp;c;cc;cxx;def;odl;idl;hpj;bat;asm;asmx</Extensions>
    </Filter>
    <Filter Include="文件\src">
      <UniqueIdentifier>{f0892b13-336c-4026-8427-50493d2893a0}</UniqueIdentifier>
    </Filter>
    <Filter Include="文件\test">
      <UniqueIdentifier>{8bbf2a4a-60bb-464b-bc02-13cc0de69fe0}</UniqueIdentifier>
    </Filter>
    <Filter Include="文件\src\core">
      <UniqueIdentifier>{849e603b-0e2f-4862-8f51-f2b54d162d56}</UniqueIdentifier>
    </Filter>
    <Filter Include="文件\src\core\noder">
      <UniqueIdentifier>{86d3496f-66be-4539-8dae-fea5c3dde9d6}</UniqueIdentifier>
    </Filter>
    <Filter Include="文件\src\core\binding">
      <UniqueIdentifier>{10ed0a06-cf52-44e1-be0f-57655e5aea95}</UniqueIdentifier>
    </Filter>
    <Filter Include="文件\src\core\utility">
      <UniqueIdentifier>{f16440be-eab3-43ef-9bda-fcd925b5602e}</UniqueIdentifier>
    </Filter>
    <Filter Include="文件\src\applications">
      <UniqueIdentifier>{5112957f-aedd-4853-94a5-2d4bfaad3a5c}</UniqueIdentifier>
    </Filter>
    <Filter Include="文件\src\applications\mather">
      <UniqueIdentifier>{45ba6139-712d-4e4b-8e6d-76e101426f46}</UniqueIdentifier>
    </Filter>
    <Filter Include="文件\test\applications">
      <UniqueIdentifier>{6d6db5eb-b5f3-4a3d-b5ce-9f2d92120dbb}</UniqueIdentifier>
    </Filter>
    <Filter Include="文件\test\applications\mather">
      <UniqueIdentifier>{a38c8fba-e747-4c65-9f51-687d9cd55ead}</UniqueIdentifier>
    </Filter>
    <Filter Include="文件\src\applications\texter">
      <UniqueIdentifier>{b3325710-3cba-43ab-b908-2aa1f474700e}</UniqueIdentifier>
    </Filter>
    <Filter Include="文件\src\applications\imager">
      <UniqueIdentifier>{b01fb0f3-c6b1-44ba-8f5f-ac8357ff4a63}</UniqueIdentifier>
    </Filter>
    <Filter Include="文件\src\applications\filer">
      <UniqueIdentifier>{5ad36134-f9bd-4b9a-97ce-a4715ce205f4}</UniqueIdentifier>
    </Filter>
    <Filter Include="文件\src\applications\imager\coder">
      <UniqueIdentifier>{83ca9178-28d6-4cbd-a76b-700c03bdec12}</UniqueIdentifier>
    </Filter>
    <Filter Include="文件\test\applications\imager">
      <UniqueIdentifier>{619f746b-0f6a-4f79-83d7-df0a9e60b3f4}</UniqueIdentifier>
    </Filter>
    <Filter Include="文件\test\applications\imager\coder">
      <UniqueIdentifier>{f5552cb5-c214-4614-a165-17b5ae5ea147}</UniqueIdentifier>
    </Filter>
    <Filter Include="文件\src\applications\filer\utility">
      <UniqueIdentifier>{14e3b626-d7df-4142-9960-91a1cb491a0a}</UniqueIdentifier>
    </Filter>
    <Filter Include="文件\test\applications\filer">
      <UniqueIdentifier>{b1842145-9fc8-4f4c-a943-fb7baeb9108a}</UniqueIdentifier>
    </Filter>
    <Filter Include="文件\test\applications\filer\utility">
      <UniqueIdentifier>{1f214b02-f513-4831-be4b-598c1ac835e9}</UniqueIdentifier>
    </Filter>
  </ItemGroup>
  <ItemGroup>
    <ClCompile Include="test\main.cpp">
      <Filter>文件\test</Filter>
    </ClCompile>
  </ItemGroup>
  <ItemGroup>
    <ClInclude Include="src\core\noder\port.hpp">
      <Filter>文件\src\core\noder</Filter>
    </ClInclude>
    <ClInclude Include="src\core\noder\generic_node.hpp">
      <Filter>文件\src\core\noder</Filter>
    </ClInclude>
    <ClInclude Include="src\core\noder\node.hpp">
      <Filter>文件\src\core\noder</Filter>
    </ClInclude>
    <ClInclude Include="src\core\binding\binding.hpp">
      <Filter>文件\src\core\binding</Filter>
    </ClInclude>
    <ClInclude Include="src\core\noder\data.hpp">
      <Filter>文件\src\core\noder</Filter>
    </ClInclude>
    <ClInclude Include="src\core\object.hpp">
      <Filter>文件\src</Filter>
    </ClInclude>
    <ClInclude Include="src\core\utility\utility.hpp">
      <Filter>文件\src\core\utility</Filter>
    </ClInclude>
    <ClInclude Include="src\core\noder\connection.hpp">
      <Filter>文件\src\core\noder</Filter>
    </ClInclude>
    <ClInclude Include="src\applications\mather\op_node.hpp">
      <Filter>文件\src\applications\mather</Filter>
    </ClInclude>
    <ClInclude Include="src\applications\mather\data.hpp">
      <Filter>文件\src\applications\mather</Filter>
    </ClInclude>
    <ClInclude Include="test\applications\mather\mather_test.hpp">
      <Filter>文件\test\applications\mather</Filter>
    </ClInclude>
    <ClInclude Include="test\applications\mather\add_node_test.hpp">
      <Filter>文件\test\applications\mather</Filter>
    </ClInclude>
    <ClInclude Include="test\applications\mather\divide_node_test.hpp">
      <Filter>文件\test\applications\mather</Filter>
    </ClInclude>
    <ClInclude Include="test\applications\mather\minus_node_test.hpp">
      <Filter>文件\test\applications\mather</Filter>
    </ClInclude>
    <ClInclude Include="test\applications\mather\multiply_node_test.hpp">
      <Filter>文件\test\applications\mather</Filter>
    </ClInclude>
    <ClInclude Include="test\applications\mather\substract_node_test.hpp">
      <Filter>文件\test\applications\mather</Filter>
    </ClInclude>
    <ClInclude Include="test\tester.hpp">
      <Filter>文件\test</Filter>
    </ClInclude>
    <ClInclude Include="test\applications\mather\op_node_test.hpp">
      <Filter>文件\test\applications\mather</Filter>
    </ClInclude>
    <ClInclude Include="test\applications\mather\plus_node_test.hpp">
      <Filter>文件\test\applications\mather</Filter>
    </ClInclude>
    <ClInclude Include="test\applications\mather\number_test.hpp">
      <Filter>文件\test\applications\mather</Filter>
    </ClInclude>
    <ClInclude Include="src\applications\mather\node_factory.hpp">
      <Filter>文件\src\applications\mather</Filter>
    </ClInclude>
    <ClInclude Include="src\applications\mather\value_node.hpp">
      <Filter>文件\src\applications\mather</Filter>
    </ClInclude>
    <ClInclude Include="test\applications\mather\value_node_test.hpp">
      <Filter>文件\test\applications\mather</Filter>
    </ClInclude>
    <ClInclude Include="src\applications\texter\data.hpp">
      <Filter>文件\src\applications\texter</Filter>
    </ClInclude>
    <ClInclude Include="src\applications\texter\text_node.hpp">
      <Filter>文件\src\applications\texter</Filter>
    </ClInclude>
    <ClInclude Include="src\applications\imager\data.hpp">
      <Filter>文件\src\applications\imager</Filter>
    </ClInclude>
    <ClInclude Include="src\applications\imager\fimage_node.hpp">
      <Filter>文件\src\applications\imager</Filter>
    </ClInclude>
    <ClInclude Include="src\applications\imager\image_node.hpp">
      <Filter>文件\src\applications\imager</Filter>
    </ClInclude>
    <ClInclude Include="src\applications\filer\data.hpp">
      <Filter>文件\src\applications\filer</Filter>
    </ClInclude>
    <ClInclude Include="src\applications\filer\file_node.hpp">
      <Filter>文件\src\applications\filer</Filter>
    </ClInclude>
    <ClInclude Include="src\applications\imager\coder\ppm_coder.hpp">
      <Filter>文件\src\applications\imager\coder</Filter>
    </ClInclude>
    <ClInclude Include="test\applications\imager\coder\test_ppm_coder.hpp">
      <Filter>文件\test\applications\imager\coder</Filter>
    </ClInclude>
    <ClInclude Include="src\applications\filer\utility\buffer_stream.hpp">
      <Filter>文件\src\applications\filer\utility</Filter>
    </ClInclude>
    <ClInclude Include="test\applications\filer\utility\test_buffer_input_stream.hpp">
      <Filter>文件\test\applications\filer\utility</Filter>
    </ClInclude>
  </ItemGroup>
</Project>